
Microsoft Visual Studio Solution File, Format Version 12.00
# Visual Studio 2012
Project("{FAE04EC0-301F-11D3-BF4B-00C04F79EFBC}") = "WMIHelper", "WMIHelper\WMIHelper.csproj", "{F6B4DD99-D5B8-41B0-8CE4-86470D5D5935}"
EndProject
Project("{FAE04EC0-301F-11D3-BF4B-00C04F79EFBC}") = "TabletID", "TabletID\TabletID.csproj", "{FA045266-F45A-4B26-B374-0E2B93EE575D}"
EndProject
Global
	GlobalSection(SolutionConfigurationPlatforms) = preSolution
		Debug|Any CPU = Debug|Any CPU
		Release|Any CPU = Release|Any CPU
	EndGlobalSection
	GlobalSection(ProjectConfigurationPlatforms) = postSolution
		{F6B4DD99-D5B8-41B0-8CE4-86470D5D5935}.Debug|Any CPU.ActiveCfg = Debug|Any CPU
		{F6B4DD99-D5B8-41B0-8CE4-86470D5D5935}.Debug|Any CPU.Build.0 = Debug|Any CPU
		{F6B4DD99-D5B8-41B0-8CE4-86470D5D5935}.Release|Any CPU.ActiveCfg = Release|Any CPU
		{F6B4DD99-D5B8-41B0-8CE4-86470D5D5935}.Release|Any CPU.Build.0 = Release|Any CPU
		{FA045266-F45A-4B26-B374-0E2B93EE575D}.Debug|Any CPU.ActiveCfg = Debug|Any CPU
		{FA045266-F45A-4B26-B374-0E2B93EE575D}.Debug|Any CPU.Build.0 = Debug|Any CPU
		{FA045266-F45A-4B26-B374-0E2B93EE575D}.Release|Any CPU.ActiveCfg = Release|Any CPU
		{FA045266-F45A-4B26-B374-0E2B93EE575D}.Release|Any CPU.Build.0 = Release|Any CPU
	EndGlobalSection
	GlobalSection(SolutionProperties) = preSolution
		HideSolutionNode = FALSE
	EndGlobalSection
EndGlobal
