
Microsoft Visual Studio Solution File, Format Version 11.00
# Visual Studio 2010
Project("{FAE04EC0-301F-11D3-BF4B-00C04F79EFBC}") = "System Informaion", "System Informaion\System Informaion.csproj", "{8CEA6AD8-D279-4F22-8CAE-274891327F77}"
EndProject
Global
	GlobalSection(SolutionConfigurationPlatforms) = preSolution
		Debug|x86 = Debug|x86
		Release|x86 = Release|x86
	EndGlobalSection
	GlobalSection(ProjectConfigurationPlatforms) = postSolution
		{8CEA6AD8-D279-4F22-8CAE-274891327F77}.Debug|x86.ActiveCfg = Debug|x86
		{8CEA6AD8-D279-4F22-8CAE-274891327F77}.Debug|x86.Build.0 = Debug|x86
		{8CEA6AD8-D279-4F22-8CAE-274891327F77}.Release|x86.ActiveCfg = Release|x86
		{8CEA6AD8-D279-4F22-8CAE-274891327F77}.Release|x86.Build.0 = Release|x86
	EndGlobalSection
	GlobalSection(SolutionProperties) = preSolution
		HideSolutionNode = FALSE
	EndGlobalSection
EndGlobal
