
Microsoft Visual Studio Solution File, Format Version 12.00
# Visual Studio 2012
Project("{8BC9CEB8-8B4A-11D0-8D11-00A0C91BC942}") = "Opt2DAPI_Sample", "Opt2DAPI_Sample.vcxproj", "{F705E67B-439D-4012-845C-51A0EA20ED8B}"
EndProject
Global
	GlobalSection(SolutionConfigurationPlatforms) = preSolution
		Debug|Win32 = Debug|Win32
		Release|Win32 = Release|Win32
	EndGlobalSection
	GlobalSection(ProjectConfigurationPlatforms) = postSolution
		{F705E67B-439D-4012-845C-51A0EA20ED8B}.Debug|Win32.ActiveCfg = Debug|Win32
		{F705E67B-439D-4012-845C-51A0EA20ED8B}.Debug|Win32.Build.0 = Debug|Win32
		{F705E67B-439D-4012-845C-51A0EA20ED8B}.Release|Win32.ActiveCfg = Release|Win32
		{F705E67B-439D-4012-845C-51A0EA20ED8B}.Release|Win32.Build.0 = Release|Win32
	EndGlobalSection
	GlobalSection(SolutionProperties) = preSolution
		HideSolutionNode = FALSE
	EndGlobalSection
EndGlobal
